
Microsoft Visual Studio Solution File, Format Version 12.00
# Visual Studio Version 17
VisualStudioVersion = 17.14.36518.9 d17.14
MinimumVisualStudioVersion = 10.0.40219.1
Project("{FAE04EC0-301F-11D3-BF4B-00C04F79EFBC}") = "VideoManager", "artecSample\VideoManager.csproj", "{B4D3DA31-6F52-46C7-916F-370FB7C21F9B}"
EndProject
Global
	GlobalSection(SolutionConfigurationPlatforms) = preSolution
		Debug|Any CPU = Debug|Any CPU
		Release|Any CPU = Release|Any CPU
	EndGlobalSection
	GlobalSection(ProjectConfigurationPlatforms) = postSolution
		{B4D3DA31-6F52-46C7-916F-370FB7C21F9B}.Debug|Any CPU.ActiveCfg = Debug|Any CPU
		{B4D3DA31-6F52-46C7-916F-370FB7C21F9B}.Debug|Any CPU.Build.0 = Debug|Any CPU
		{B4D3DA31-6F52-46C7-916F-370FB7C21F9B}.Release|Any CPU.ActiveCfg = Release|Any CPU
		{B4D3DA31-6F52-46C7-916F-370FB7C21F9B}.Release|Any CPU.Build.0 = Release|Any CPU
	EndGlobalSection
	GlobalSection(SolutionProperties) = preSolution
		HideSolutionNode = FALSE
	EndGlobalSection
	GlobalSection(ExtensibilityGlobals) = postSolution
		SolutionGuid = {406EACAC-E550-40A5-AA68-6E0EA24AA5EE}
	EndGlobalSection
EndGlobal
