
Microsoft Visual Studio Solution File, Format Version 12.00
# Visual Studio Version 17
VisualStudioVersion = 17.14.36518.9
MinimumVisualStudioVersion = 10.0.40219.1
Project("{FAE04EC0-301F-11D3-BF4B-00C04F79EFBC}") = "VideoManager.Test", "..\VideoManager.Test\VideoManager.Test.csproj", "{42904A82-3F94-9FCF-44AC-D90ED4F6FF25}"
EndProject
Project("{FAE04EC0-301F-11D3-BF4B-00C04F79EFBC}") = "VideoManager.Api", "VideoManager.Api.csproj", "{38A5399E-814D-81D3-EB3F-D507A2414EF1}"
EndProject
Global
	GlobalSection(SolutionConfigurationPlatforms) = preSolution
		Debug|Any CPU = Debug|Any CPU
		Release|Any CPU = Release|Any CPU
	EndGlobalSection
	GlobalSection(ProjectConfigurationPlatforms) = postSolution
		{42904A82-3F94-9FCF-44AC-D90ED4F6FF25}.Debug|Any CPU.ActiveCfg = Debug|Any CPU
		{42904A82-3F94-9FCF-44AC-D90ED4F6FF25}.Debug|Any CPU.Build.0 = Debug|Any CPU
		{42904A82-3F94-9FCF-44AC-D90ED4F6FF25}.Release|Any CPU.ActiveCfg = Release|Any CPU
		{42904A82-3F94-9FCF-44AC-D90ED4F6FF25}.Release|Any CPU.Build.0 = Release|Any CPU
		{38A5399E-814D-81D3-EB3F-D507A2414EF1}.Debug|Any CPU.ActiveCfg = Debug|Any CPU
		{38A5399E-814D-81D3-EB3F-D507A2414EF1}.Debug|Any CPU.Build.0 = Debug|Any CPU
		{38A5399E-814D-81D3-EB3F-D507A2414EF1}.Release|Any CPU.ActiveCfg = Release|Any CPU
		{38A5399E-814D-81D3-EB3F-D507A2414EF1}.Release|Any CPU.Build.0 = Release|Any CPU
	EndGlobalSection
	GlobalSection(SolutionProperties) = preSolution
		HideSolutionNode = FALSE
	EndGlobalSection
	GlobalSection(ExtensibilityGlobals) = postSolution
		SolutionGuid = {406EACAC-E550-40A5-AA68-6E0EA24AA5EE}
	EndGlobalSection
EndGlobal
